
Microsoft Visual Studio Solution File, Format Version 12.00
# Visual Studio Version 16
VisualStudioVersion = 16.0.29102.190
MinimumVisualStudioVersion = 10.0.40219.1
Project("{FAE04EC0-301F-11D3-BF4B-00C04F79EFBC}") = "Kriptoloji-2.ödev-121180015", "Kriptoloji-2.ödev-121180015\Kriptoloji-2.ödev-121180015.csproj", "{381F2BDD-DF88-4876-8A07-FCE6DBBF8399}"
EndProject
Global
	GlobalSection(SolutionConfigurationPlatforms) = preSolution
		Debug|Any CPU = Debug|Any CPU
		Release|Any CPU = Release|Any CPU
	EndGlobalSection
	GlobalSection(ProjectConfigurationPlatforms) = postSolution
		{381F2BDD-DF88-4876-8A07-FCE6DBBF8399}.Debug|Any CPU.ActiveCfg = Debug|Any CPU
		{381F2BDD-DF88-4876-8A07-FCE6DBBF8399}.Debug|Any CPU.Build.0 = Debug|Any CPU
		{381F2BDD-DF88-4876-8A07-FCE6DBBF8399}.Release|Any CPU.ActiveCfg = Release|Any CPU
		{381F2BDD-DF88-4876-8A07-FCE6DBBF8399}.Release|Any CPU.Build.0 = Release|Any CPU
	EndGlobalSection
	GlobalSection(SolutionProperties) = preSolution
		HideSolutionNode = FALSE
	EndGlobalSection
	GlobalSection(ExtensibilityGlobals) = postSolution
		SolutionGuid = {BC209393-5EBE-4BBF-854B-92C4BACD4968}
	EndGlobalSection
EndGlobal
